{
  "name": "webview",
  "lockfileVersion": 2,
  "requires": true,
  "packages": {
    "": {
      "dependencies": {
        "@vscode/webview-ui-toolkit": "^0.9.2"
      }
    },
    "node_modules/@microsoft/fast-element": {
      "version": "1.8.0",
      "resolved": "https://registry.npmjs.org/@microsoft/fast-element/-/fast-element-1.8.0.tgz",
      "integrity": "sha512-92GhkCYcay+vcI2yE+P1yD+v59u8Thprmaqg9PgTstf8jLOrevW/6Hna76tMioQQOFtZ8wm2NiiMHD/4sjrfhQ=="
    },
    "node_modules/@microsoft/fast-foundation": {
      "version": "2.37.1",
      "resolved": "https://registry.npmjs.org/@microsoft/fast-foundation/-/fast-foundation-2.37.1.tgz",
      "integrity": "sha512-hzsz7frX0jXmsgxEt+rOf3sfchjRk8YwP3AuEawuuLOXMRKqWVZlHsfsP/5Ypg5yFrsR6qafSTjtvSZwcAJ96g==",
      "dependencies": {
        "@microsoft/fast-element": "^1.8.0",
        "@microsoft/fast-web-utilities": "^5.1.0",
        "tabbable": "^5.2.0",
        "tslib": "^1.13.0"
      }
    },
    "node_modules/@microsoft/fast-react-wrapper": {
      "version": "0.1.42",
      "resolved": "https://registry.npmjs.org/@microsoft/fast-react-wrapper/-/fast-react-wrapper-0.1.42.tgz",
      "integrity": "sha512-lf4J/FIYzzn1oMc1LpEetx2juldHFFqeN0vzdGmlZfAuIQxnKV8ypRhMKW9aJOH2NS9DzgetAaC/XiKV4p92Mg==",
      "dependencies": {
        "@microsoft/fast-element": "^1.8.0",
        "@microsoft/fast-foundation": "^2.37.1"
      },
      "peerDependencies": {
        "react": ">=16.9.0"
      }
    },
    "node_modules/@microsoft/fast-web-utilities": {
      "version": "5.1.0",
      "resolved": "https://registry.npmjs.org/@microsoft/fast-web-utilities/-/fast-web-utilities-5.1.0.tgz",
      "integrity": "sha512-S2PCxI4XqtIxLM1N7i/NuIAgx+mJM01+mDzyB3vZlYibAkOT0bzp5YZCp+coXowokSin/nK5T2kqShMXEzI6Jg==",
      "dependencies": {
        "exenv-es6": "^1.0.0"
      }
    },
    "node_modules/@vscode/webview-ui-toolkit": {
      "version": "0.9.2",
      "resolved": "https://registry.npmjs.org/@vscode/webview-ui-toolkit/-/webview-ui-toolkit-0.9.2.tgz",
      "integrity": "sha512-xvao23VerpCdQ1DPHAJgFpduzy2vlFM4rYFw3FwgPpD92M8y2oJgI+lcp5Nj5XH61A5KYYiaRD+QX2Ji5t9Vxg==",
      "dependencies": {
        "@microsoft/fast-element": "^1.6.2",
        "@microsoft/fast-foundation": "^2.34.0",
        "@microsoft/fast-react-wrapper": "^0.1.18"
      },
      "peerDependencies": {
        "react": ">=16.9.0"
      }
    },
    "node_modules/exenv-es6": {
      "version": "1.0.0",
      "resolved": "https://registry.npmjs.org/exenv-es6/-/exenv-es6-1.0.0.tgz",
      "integrity": "sha512-fcG/TX8Ruv9Ma6PBaiNsUrHRJzVzuFMP6LtPn/9iqR+nr9mcLeEOGzXQGLC5CVQSXGE98HtzW2mTZkrCA3XrDg=="
    },
    "node_modules/js-tokens": {
      "version": "4.0.0",
      "resolved": "https://registry.npmjs.org/js-tokens/-/js-tokens-4.0.0.tgz",
      "integrity": "sha512-RdJUflcE3cUzKiMqQgsCu06FPu9UdIJO0beYbPhHN4k6apgJtifcoCtT9bcxOpYBtpD2kCM6Sbzg4CausW/PKQ==",
      "peer": true
    },
    "node_modules/loose-envify": {
      "version": "1.4.0",
      "resolved": "https://registry.npmjs.org/loose-envify/-/loose-envify-1.4.0.tgz",
      "integrity": "sha512-lyuxPGr/Wfhrlem2CL/UcnUc1zcqKAImBDzukY7Y5F/yQiNdko6+fRLevlw1HgMySw7f611UIY408EtxRSoK3Q==",
      "peer": true,
      "dependencies": {
        "js-tokens": "^3.0.0 || ^4.0.0"
      },
      "bin": {
        "loose-envify": "cli.js"
      }
    },
    "node_modules/object-assign": {
      "version": "4.1.1",
      "resolved": "https://registry.npmjs.org/object-assign/-/object-assign-4.1.1.tgz",
      "integrity": "sha1-IQmtx5ZYh8/AXLvUQsrIv7s2CGM=",
      "peer": true,
      "engines": {
        "node": ">=0.10.0"
      }
    },
    "node_modules/react": {
      "version": "17.0.2",
      "resolved": "https://registry.npmjs.org/react/-/react-17.0.2.tgz",
      "integrity": "sha512-gnhPt75i/dq/z3/6q/0asP78D0u592D5L1pd7M8P+dck6Fu/jJeL6iVVK23fptSUZj8Vjf++7wXA8UNclGQcbA==",
      "peer": true,
      "dependencies": {
        "loose-envify": "^1.1.0",
        "object-assign": "^4.1.1"
      },
      "engines": {
        "node": ">=0.10.0"
      }
    },
    "node_modules/tabbable": {
      "version": "5.2.1",
      "resolved": "https://registry.npmjs.org/tabbable/-/tabbable-5.2.1.tgz",
      "integrity": "sha512-40pEZ2mhjaZzK0BnI+QGNjJO8UYx9pP5v7BGe17SORTO0OEuuaAwQTkAp8whcZvqon44wKFOikD+Al11K3JICQ=="
    },
    "node_modules/tslib": {
      "version": "1.14.1",
      "resolved": "https://registry.npmjs.org/tslib/-/tslib-1.14.1.tgz",
      "integrity": "sha512-Xni35NKzjgMrwevysHTCArtLDpPvye8zV/0E4EyYn43P7/7qvQwPh9BGkHewbMulVntbigmcT7rdX3BNo9wRJg=="
    }
  },
  "dependencies": {
    "@microsoft/fast-element": {
      "version": "1.8.0",
      "resolved": "https://registry.npmjs.org/@microsoft/fast-element/-/fast-element-1.8.0.tgz",
      "integrity": "sha512-92GhkCYcay+vcI2yE+P1yD+v59u8Thprmaqg9PgTstf8jLOrevW/6Hna76tMioQQOFtZ8wm2NiiMHD/4sjrfhQ=="
    },
    "@microsoft/fast-foundation": {
      "version": "2.37.1",
      "resolved": "https://registry.npmjs.org/@microsoft/fast-foundation/-/fast-foundation-2.37.1.tgz",
      "integrity": "sha512-hzsz7frX0jXmsgxEt+rOf3sfchjRk8YwP3AuEawuuLOXMRKqWVZlHsfsP/5Ypg5yFrsR6qafSTjtvSZwcAJ96g==",
      "requires": {
        "@microsoft/fast-element": "^1.8.0",
        "@microsoft/fast-web-utilities": "^5.1.0",
        "tabbable": "^5.2.0",
        "tslib": "^1.13.0"
      }
    },
    "@microsoft/fast-react-wrapper": {
      "version": "0.1.42",
      "resolved": "https://registry.npmjs.org/@microsoft/fast-react-wrapper/-/fast-react-wrapper-0.1.42.tgz",
      "integrity": "sha512-lf4J/FIYzzn1oMc1LpEetx2juldHFFqeN0vzdGmlZfAuIQxnKV8ypRhMKW9aJOH2NS9DzgetAaC/XiKV4p92Mg==",
      "requires": {
        "@microsoft/fast-element": "^1.8.0",
        "@microsoft/fast-foundation": "^2.37.1"
      }
    },
    "@microsoft/fast-web-utilities": {
      "version": "5.1.0",
      "resolved": "https://registry.npmjs.org/@microsoft/fast-web-utilities/-/fast-web-utilities-5.1.0.tgz",
      "integrity": "sha512-S2PCxI4XqtIxLM1N7i/NuIAgx+mJM01+mDzyB3vZlYibAkOT0bzp5YZCp+coXowokSin/nK5T2kqShMXEzI6Jg==",
      "requires": {
        "exenv-es6": "^1.0.0"
      }
    },
    "@vscode/webview-ui-toolkit": {
      "version": "0.9.2",
      "resolved": "https://registry.npmjs.org/@vscode/webview-ui-toolkit/-/webview-ui-toolkit-0.9.2.tgz",
      "integrity": "sha512-xvao23VerpCdQ1DPHAJgFpduzy2vlFM4rYFw3FwgPpD92M8y2oJgI+lcp5Nj5XH61A5KYYiaRD+QX2Ji5t9Vxg==",
      "requires": {
        "@microsoft/fast-element": "^1.6.2",
        "@microsoft/fast-foundation": "^2.34.0",
        "@microsoft/fast-react-wrapper": "^0.1.18"
      }
    },
    "exenv-es6": {
      "version": "1.0.0",
      "resolved": "https://registry.npmjs.org/exenv-es6/-/exenv-es6-1.0.0.tgz",
      "integrity": "sha512-fcG/TX8Ruv9Ma6PBaiNsUrHRJzVzuFMP6LtPn/9iqR+nr9mcLeEOGzXQGLC5CVQSXGE98HtzW2mTZkrCA3XrDg=="
    },
    "js-tokens": {
      "version": "4.0.0",
      "resolved": "https://registry.npmjs.org/js-tokens/-/js-tokens-4.0.0.tgz",
      "integrity": "sha512-RdJUflcE3cUzKiMqQgsCu06FPu9UdIJO0beYbPhHN4k6apgJtifcoCtT9bcxOpYBtpD2kCM6Sbzg4CausW/PKQ==",
      "peer": true
    },
    "loose-envify": {
      "version": "1.4.0",
      "resolved": "https://registry.npmjs.org/loose-envify/-/loose-envify-1.4.0.tgz",
      "integrity": "sha512-lyuxPGr/Wfhrlem2CL/UcnUc1zcqKAImBDzukY7Y5F/yQiNdko6+fRLevlw1HgMySw7f611UIY408EtxRSoK3Q==",
      "peer": true,
      "requires": {
        "js-tokens": "^3.0.0 || ^4.0.0"
      }
    },
    "object-assign": {
      "version": "4.1.1",
      "resolved": "https://registry.npmjs.org/object-assign/-/object-assign-4.1.1.tgz",
      "integrity": "sha1-IQmtx5ZYh8/AXLvUQsrIv7s2CGM=",
      "peer": true
    },
    "react": {
      "version": "17.0.2",
      "resolved": "https://registry.npmjs.org/react/-/react-17.0.2.tgz",
      "integrity": "sha512-gnhPt75i/dq/z3/6q/0asP78D0u592D5L1pd7M8P+dck6Fu/jJeL6iVVK23fptSUZj8Vjf++7wXA8UNclGQcbA==",
      "peer": true,
      "requires": {
        "loose-envify": "^1.1.0",
        "object-assign": "^4.1.1"
      }
    },
    "tabbable": {
      "version": "5.2.1",
      "resolved": "https://registry.npmjs.org/tabbable/-/tabbable-5.2.1.tgz",
      "integrity": "sha512-40pEZ2mhjaZzK0BnI+QGNjJO8UYx9pP5v7BGe17SORTO0OEuuaAwQTkAp8whcZvqon44wKFOikD+Al11K3JICQ=="
    },
    "tslib": {
      "version": "1.14.1",
      "resolved": "https://registry.npmjs.org/tslib/-/tslib-1.14.1.tgz",
      "integrity": "sha512-Xni35NKzjgMrwevysHTCArtLDpPvye8zV/0E4EyYn43P7/7qvQwPh9BGkHewbMulVntbigmcT7rdX3BNo9wRJg=="
    }
  }
}
